// !$*UTF8*$!
{
	archiveVersion = 1;
	classes = {
	};
	objectVersion = 56;
	objects = {

/* Begin PBXBuildFile section */
		D5498DCD2A48B0FF00C1ECFD /* SettingsView.swift in Sources */ = {isa = PBXBuildFile; fileRef = D5498DCC2A48B0FF00C1ECFD /* SettingsView.swift */; };
		D5498DCF2A48B11100C1ECFD /* Settings.bundle in Resources */ = {isa = PBXBuildFile; fileRef = D5498DCE2A48B11100C1ECFD /* Settings.bundle */; };
		D55937B42A4C8640008F1AEF /* CodeMirror-SwiftUI in Frameworks */ = {isa = PBXBuildFile; productRef = D55937B32A4C8640008F1AEF /* CodeMirror-SwiftUI */; };
		D55937B52A4C869E008F1AEF /* CodeMirror-SwiftUI in Embed Frameworks */ = {isa = PBXBuildFile; productRef = D55937B32A4C8640008F1AEF /* CodeMirror-SwiftUI */; settings = {ATTRIBUTES = (CodeSignOnCopy, ); }; };
		D55937BB2A54AF46008F1AEF /* SwiftUIPrint in Frameworks */ = {isa = PBXBuildFile; productRef = D55937BA2A54AF46008F1AEF /* SwiftUIPrint */; };
		D55937BE2A54B137008F1AEF /* CodeMirror-SwiftUI in Frameworks */ = {isa = PBXBuildFile; productRef = D55937BD2A54B137008F1AEF /* CodeMirror-SwiftUI */; };
		D55937BF2A54B137008F1AEF /* CodeMirror-SwiftUI in Embed Frameworks */ = {isa = PBXBuildFile; productRef = D55937BD2A54B137008F1AEF /* CodeMirror-SwiftUI */; settings = {ATTRIBUTES = (CodeSignOnCopy, ); }; };
		D5677FC92A40EE1900112692 /* Note_itApp.swift in Sources */ = {isa = PBXBuildFile; fileRef = D5677FC82A40EE1900112692 /* Note_itApp.swift */; };
		D5677FCB2A40EE1900112692 /* Note_itDocument.swift in Sources */ = {isa = PBXBuildFile; fileRef = D5677FCA2A40EE1900112692 /* Note_itDocument.swift */; };
		D5677FCD2A40EE1900112692 /* ContentView.swift in Sources */ = {isa = PBXBuildFile; fileRef = D5677FCC2A40EE1900112692 /* ContentView.swift */; };
		D5677FCF2A40EE1A00112692 /* Assets.xcassets in Resources */ = {isa = PBXBuildFile; fileRef = D5677FCE2A40EE1A00112692 /* Assets.xcassets */; };
		D5677FD22A40EE1A00112692 /* Preview Assets.xcassets in Resources */ = {isa = PBXBuildFile; fileRef = D5677FD12A40EE1A00112692 /* Preview Assets.xcassets */; };
		D5677FDB2A41002800112692 /* SettingsView.swift in Sources */ = {isa = PBXBuildFile; fileRef = D5677FDA2A41002800112692 /* SettingsView.swift */; };
		D5677FE32A41016A00112692 /* Note_it_iOSApp.swift in Sources */ = {isa = PBXBuildFile; fileRef = D5677FE22A41016A00112692 /* Note_it_iOSApp.swift */; };
		D5677FE52A41016A00112692 /* Note_it_iOSDocument.swift in Sources */ = {isa = PBXBuildFile; fileRef = D5677FE42A41016A00112692 /* Note_it_iOSDocument.swift */; };
		D5677FE72A41016A00112692 /* ContentView.swift in Sources */ = {isa = PBXBuildFile; fileRef = D5677FE62A41016A00112692 /* ContentView.swift */; };
		D5677FE92A41016B00112692 /* Assets.xcassets in Resources */ = {isa = PBXBuildFile; fileRef = D5677FE82A41016B00112692 /* Assets.xcassets */; };
		D5677FEC2A41016B00112692 /* Preview Assets.xcassets in Resources */ = {isa = PBXBuildFile; fileRef = D5677FEB2A41016B00112692 /* Preview Assets.xcassets */; };
/* End PBXBuildFile section */

/* Begin PBXCopyFilesBuildPhase section */
		D55937A82A48D15D008F1AEF /* Embed Frameworks */ = {
			isa = PBXCopyFilesBuildPhase;
			buildActionMask = 2147483647;
			dstPath = "";
			dstSubfolderSpec = 10;
			files = (
				D55937B52A4C869E008F1AEF /* CodeMirror-SwiftUI in Embed Frameworks */,
			);
			name = "Embed Frameworks";
			runOnlyForDeploymentPostprocessing = 0;
		};
		D55937C02A54B137008F1AEF /* Embed Frameworks */ = {
			isa = PBXCopyFilesBuildPhase;
			buildActionMask = 2147483647;
			dstPath = "";
			dstSubfolderSpec = 10;
			files = (
				D55937BF2A54B137008F1AEF /* CodeMirror-SwiftUI in Embed Frameworks */,
			);
			name = "Embed Frameworks";
			runOnlyForDeploymentPostprocessing = 0;
		};
/* End PBXCopyFilesBuildPhase section */

/* Begin PBXFileReference section */
		D5498DCC2A48B0FF00C1ECFD /* SettingsView.swift */ = {isa = PBXFileReference; lastKnownFileType = sourcecode.swift; path = SettingsView.swift; sourceTree = "<group>"; };
		D5498DCE2A48B11100C1ECFD /* Settings.bundle */ = {isa = PBXFileReference; lastKnownFileType = "wrapper.plug-in"; path = Settings.bundle; sourceTree = "<group>"; };
		D5677FC52A40EE1900112692 /* Note.it.app */ = {isa = PBXFileReference; explicitFileType = wrapper.application; includeInIndex = 0; path = Note.it.app; sourceTree = BUILT_PRODUCTS_DIR; };
		D5677FC82A40EE1900112692 /* Note_itApp.swift */ = {isa = PBXFileReference; lastKnownFileType = sourcecode.swift; path = Note_itApp.swift; sourceTree = "<group>"; };
		D5677FCA2A40EE1900112692 /* Note_itDocument.swift */ = {isa = PBXFileReference; lastKnownFileType = sourcecode.swift; path = Note_itDocument.swift; sourceTree = "<group>"; };
		D5677FCC2A40EE1900112692 /* ContentView.swift */ = {isa = PBXFileReference; lastKnownFileType = sourcecode.swift; path = ContentView.swift; sourceTree = "<group>"; };
		D5677FCE2A40EE1A00112692 /* Assets.xcassets */ = {isa = PBXFileReference; lastKnownFileType = folder.assetcatalog; path = Assets.xcassets; sourceTree = "<group>"; };
		D5677FD12A40EE1A00112692 /* Preview Assets.xcassets */ = {isa = PBXFileReference; lastKnownFileType = folder.assetcatalog; path = "Preview Assets.xcassets"; sourceTree = "<group>"; };
		D5677FD32A40EE1A00112692 /* Info.plist */ = {isa = PBXFileReference; lastKnownFileType = text.plist.xml; path = Info.plist; sourceTree = "<group>"; };
		D5677FD42A40EE1A00112692 /* Note_it.entitlements */ = {isa = PBXFileReference; lastKnownFileType = text.plist.entitlements; path = Note_it.entitlements; sourceTree = "<group>"; };
		D5677FDA2A41002800112692 /* SettingsView.swift */ = {isa = PBXFileReference; lastKnownFileType = sourcecode.swift; path = SettingsView.swift; sourceTree = "<group>"; };
		D5677FE02A41016A00112692 /* Note.it iOS.app */ = {isa = PBXFileReference; explicitFileType = wrapper.application; includeInIndex = 0; path = "Note.it iOS.app"; sourceTree = BUILT_PRODUCTS_DIR; };
		D5677FE22A41016A00112692 /* Note_it_iOSApp.swift */ = {isa = PBXFileReference; lastKnownFileType = sourcecode.swift; path = Note_it_iOSApp.swift; sourceTree = "<group>"; };
		D5677FE42A41016A00112692 /* Note_it_iOSDocument.swift */ = {isa = PBXFileReference; lastKnownFileType = sourcecode.swift; path = Note_it_iOSDocument.swift; sourceTree = "<group>"; };
		D5677FE62A41016A00112692 /* ContentView.swift */ = {isa = PBXFileReference; lastKnownFileType = sourcecode.swift; path = ContentView.swift; sourceTree = "<group>"; };
		D5677FE82A41016B00112692 /* Assets.xcassets */ = {isa = PBXFileReference; lastKnownFileType = folder.assetcatalog; path = Assets.xcassets; sourceTree = "<group>"; };
		D5677FEB2A41016B00112692 /* Preview Assets.xcassets */ = {isa = PBXFileReference; lastKnownFileType = folder.assetcatalog; path = "Preview Assets.xcassets"; sourceTree = "<group>"; };
		D5677FED2A41016B00112692 /* Info.plist */ = {isa = PBXFileReference; lastKnownFileType = text.plist.xml; path = Info.plist; sourceTree = "<group>"; };
/* End PBXFileReference section */

/* Begin PBXFrameworksBuildPhase section */
		D5677FC22A40EE1900112692 /* Frameworks */ = {
			isa = PBXFrameworksBuildPhase;
			buildActionMask = 2147483647;
			files = (
				D55937B42A4C8640008F1AEF /* CodeMirror-SwiftUI in Frameworks */,
			);
			runOnlyForDeploymentPostprocessing = 0;
		};
		D5677FDD2A41016A00112692 /* Frameworks */ = {
			isa = PBXFrameworksBuildPhase;
			buildActionMask = 2147483647;
			files = (
				D55937BE2A54B137008F1AEF /* CodeMirror-SwiftUI in Frameworks */,
				D55937BB2A54AF46008F1AEF /* SwiftUIPrint in Frameworks */,
			);
			runOnlyForDeploymentPostprocessing = 0;
		};
/* End PBXFrameworksBuildPhase section */

/* Begin PBXGroup section */
		D55937BC2A54B137008F1AEF /* Frameworks */ = {
			isa = PBXGroup;
			children = (
			);
			name = Frameworks;
			sourceTree = "<group>";
		};
		D5677FBC2A40EE1900112692 = {
			isa = PBXGroup;
			children = (
				D5677FC72A40EE1900112692 /* Note.it */,
				D5677FE12A41016A00112692 /* Note.it iOS */,
				D5677FC62A40EE1900112692 /* Products */,
				D55937BC2A54B137008F1AEF /* Frameworks */,
			);
			sourceTree = "<group>";
		};
		D5677FC62A40EE1900112692 /* Products */ = {
			isa = PBXGroup;
			children = (
				D5677FC52A40EE1900112692 /* Note.it.app */,
				D5677FE02A41016A00112692 /* Note.it iOS.app */,
			);
			name = Products;
			sourceTree = "<group>";
		};
		D5677FC72A40EE1900112692 /* Note.it */ = {
			isa = PBXGroup;
			children = (
				D5677FC82A40EE1900112692 /* Note_itApp.swift */,
				D5677FCA2A40EE1900112692 /* Note_itDocument.swift */,
				D5677FCC2A40EE1900112692 /* ContentView.swift */,
				D5677FCE2A40EE1A00112692 /* Assets.xcassets */,
				D5677FD32A40EE1A00112692 /* Info.plist */,
				D5677FD42A40EE1A00112692 /* Note_it.entitlements */,
				D5677FD02A40EE1A00112692 /* Preview Content */,
				D5677FDA2A41002800112692 /* SettingsView.swift */,
			);
			path = Note.it;
			sourceTree = "<group>";
		};
		D5677FD02A40EE1A00112692 /* Preview Content */ = {
			isa = PBXGroup;
			children = (
				D5677FD12A40EE1A00112692 /* Preview Assets.xcassets */,
			);
			path = "Preview Content";
			sourceTree = "<group>";
		};
		D5677FE12A41016A00112692 /* Note.it iOS */ = {
			isa = PBXGroup;
			children = (
				D5677FE22A41016A00112692 /* Note_it_iOSApp.swift */,
				D5677FE42A41016A00112692 /* Note_it_iOSDocument.swift */,
				D5677FE62A41016A00112692 /* ContentView.swift */,
				D5677FE82A41016B00112692 /* Assets.xcassets */,
				D5677FED2A41016B00112692 /* Info.plist */,
				D5677FEA2A41016B00112692 /* Preview Content */,
				D5498DCC2A48B0FF00C1ECFD /* SettingsView.swift */,
				D5498DCE2A48B11100C1ECFD /* Settings.bundle */,
			);
			path = "Note.it iOS";
			sourceTree = "<group>";
		};
		D5677FEA2A41016B00112692 /* Preview Content */ = {
			isa = PBXGroup;
			children = (
				D5677FEB2A41016B00112692 /* Preview Assets.xcassets */,
			);
			path = "Preview Content";
			sourceTree = "<group>";
		};
/* End PBXGroup section */

/* Begin PBXNativeTarget section */
		D5677FC42A40EE1900112692 /* Note.it */ = {
			isa = PBXNativeTarget;
			buildConfigurationList = D5677FD72A40EE1A00112692 /* Build configuration list for PBXNativeTarget "Note.it" */;
			buildPhases = (
				D5677FC12A40EE1900112692 /* Sources */,
				D5677FC22A40EE1900112692 /* Frameworks */,
				D5677FC32A40EE1900112692 /* Resources */,
				D55937A82A48D15D008F1AEF /* Embed Frameworks */,
			);
			buildRules = (
			);
			dependencies = (
			);
			name = Note.it;
			packageProductDependencies = (
				D55937B32A4C8640008F1AEF /* CodeMirror-SwiftUI */,
			);
			productName = Note.it;
			productReference = D5677FC52A40EE1900112692 /* Note.it.app */;
			productType = "com.apple.product-type.application";
		};
		D5677FDF2A41016A00112692 /* Note.it iOS */ = {
			isa = PBXNativeTarget;
			buildConfigurationList = D5677FEE2A41016B00112692 /* Build configuration list for PBXNativeTarget "Note.it iOS" */;
			buildPhases = (
				D5677FDC2A41016A00112692 /* Sources */,
				D5677FDD2A41016A00112692 /* Frameworks */,
				D5677FDE2A41016A00112692 /* Resources */,
				D55937C02A54B137008F1AEF /* Embed Frameworks */,
			);
			buildRules = (
			);
			dependencies = (
			);
			name = "Note.it iOS";
			packageProductDependencies = (
				D55937BA2A54AF46008F1AEF /* SwiftUIPrint */,
				D55937BD2A54B137008F1AEF /* CodeMirror-SwiftUI */,
			);
			productName = "Note.it iOS";
			productReference = D5677FE02A41016A00112692 /* Note.it iOS.app */;
			productType = "com.apple.product-type.application";
		};
/* End PBXNativeTarget section */

/* Begin PBXProject section */
		D5677FBD2A40EE1900112692 /* Project object */ = {
			isa = PBXProject;
			attributes = {
				BuildIndependentTargetsInParallel = 1;
				LastSwiftUpdateCheck = 1430;
				LastUpgradeCheck = 1430;
				TargetAttributes = {
					D5677FC42A40EE1900112692 = {
						CreatedOnToolsVersion = 14.3;
					};
					D5677FDF2A41016A00112692 = {
						CreatedOnToolsVersion = 14.3;
					};
				};
			};
			buildConfigurationList = D5677FC02A40EE1900112692 /* Build configuration list for PBXProject "Note.it" */;
			compatibilityVersion = "Xcode 14.0";
			developmentRegion = en;
			hasScannedForEncodings = 0;
			knownRegions = (
				en,
				Base,
			);
			mainGroup = D5677FBC2A40EE1900112692;
			packageReferences = (
				D55937B22A4C8640008F1AEF /* XCRemoteSwiftPackageReference "CodeMirror-SwiftUI" */,
				D55937B92A54AF46008F1AEF /* XCRemoteSwiftPackageReference "SwiftUIPrint" */,
			);
			productRefGroup = D5677FC62A40EE1900112692 /* Products */;
			projectDirPath = "";
			projectRoot = "";
			targets = (
				D5677FC42A40EE1900112692 /* Note.it */,
				D5677FDF2A41016A00112692 /* Note.it iOS */,
			);
		};
/* End PBXProject section */

/* Begin PBXResourcesBuildPhase section */
		D5677FC32A40EE1900112692 /* Resources */ = {
			isa = PBXResourcesBuildPhase;
			buildActionMask = 2147483647;
			files = (
				D5677FD22A40EE1A00112692 /* Preview Assets.xcassets in Resources */,
				D5677FCF2A40EE1A00112692 /* Assets.xcassets in Resources */,
			);
			runOnlyForDeploymentPostprocessing = 0;
		};
		D5677FDE2A41016A00112692 /* Resources */ = {
			isa = PBXResourcesBuildPhase;
			buildActionMask = 2147483647;
			files = (
				D5677FEC2A41016B00112692 /* Preview Assets.xcassets in Resources */,
				D5498DCF2A48B11100C1ECFD /* Settings.bundle in Resources */,
				D5677FE92A41016B00112692 /* Assets.xcassets in Resources */,
			);
			runOnlyForDeploymentPostprocessing = 0;
		};
/* End PBXResourcesBuildPhase section */

/* Begin PBXSourcesBuildPhase section */
		D5677FC12A40EE1900112692 /* Sources */ = {
			isa = PBXSourcesBuildPhase;
			buildActionMask = 2147483647;
			files = (
				D5677FC92A40EE1900112692 /* Note_itApp.swift in Sources */,
				D5677FDB2A41002800112692 /* SettingsView.swift in Sources */,
				D5677FCB2A40EE1900112692 /* Note_itDocument.swift in Sources */,
				D5677FCD2A40EE1900112692 /* ContentView.swift in Sources */,
			);
			runOnlyForDeploymentPostprocessing = 0;
		};
		D5677FDC2A41016A00112692 /* Sources */ = {
			isa = PBXSourcesBuildPhase;
			buildActionMask = 2147483647;
			files = (
				D5677FE32A41016A00112692 /* Note_it_iOSApp.swift in Sources */,
				D5498DCD2A48B0FF00C1ECFD /* SettingsView.swift in Sources */,
				D5677FE52A41016A00112692 /* Note_it_iOSDocument.swift in Sources */,
				D5677FE72A41016A00112692 /* ContentView.swift in Sources */,
			);
			runOnlyForDeploymentPostprocessing = 0;
		};
/* End PBXSourcesBuildPhase section */

/* Begin XCBuildConfiguration section */
		D5677FD52A40EE1A00112692 /* Debug */ = {
			isa = XCBuildConfiguration;
			buildSettings = {
				ALWAYS_SEARCH_USER_PATHS = NO;
				CLANG_ANALYZER_NONNULL = YES;
				CLANG_ANALYZER_NUMBER_OBJECT_CONVERSION = YES_AGGRESSIVE;
				CLANG_CXX_LANGUAGE_STANDARD = "gnu++20";
				CLANG_ENABLE_MODULES = YES;
				CLANG_ENABLE_OBJC_ARC = YES;
				CLANG_ENABLE_OBJC_WEAK = YES;
				CLANG_WARN_BLOCK_CAPTURE_AUTORELEASING = YES;
				CLANG_WARN_BOOL_CONVERSION = YES;
				CLANG_WARN_COMMA = YES;
				CLANG_WARN_CONSTANT_CONVERSION = YES;
				CLANG_WARN_DEPRECATED_OBJC_IMPLEMENTATIONS = YES;
				CLANG_WARN_DIRECT_OBJC_ISA_USAGE = YES_ERROR;
				CLANG_WARN_DOCUMENTATION_COMMENTS = YES;
				CLANG_WARN_EMPTY_BODY = YES;
				CLANG_WARN_ENUM_CONVERSION = YES;
				CLANG_WARN_INFINITE_RECURSION = YES;
				CLANG_WARN_INT_CONVERSION = YES;
				CLANG_WARN_NON_LITERAL_NULL_CONVERSION = YES;
				CLANG_WARN_OBJC_IMPLICIT_RETAIN_SELF = YES;
				CLANG_WARN_OBJC_LITERAL_CONVERSION = YES;
				CLANG_WARN_OBJC_ROOT_CLASS = YES_ERROR;
				CLANG_WARN_QUOTED_INCLUDE_IN_FRAMEWORK_HEADER = YES;
				CLANG_WARN_RANGE_LOOP_ANALYSIS = YES;
				CLANG_WARN_STRICT_PROTOTYPES = YES;
				CLANG_WARN_SUSPICIOUS_MOVE = YES;
				CLANG_WARN_UNGUARDED_AVAILABILITY = YES_AGGRESSIVE;
				CLANG_WARN_UNREACHABLE_CODE = YES;
				CLANG_WARN__DUPLICATE_METHOD_MATCH = YES;
				COPY_PHASE_STRIP = NO;
				DEAD_CODE_STRIPPING = YES;
				DEBUG_INFORMATION_FORMAT = dwarf;
				ENABLE_STRICT_OBJC_MSGSEND = YES;
				ENABLE_TESTABILITY = YES;
				GCC_C_LANGUAGE_STANDARD = gnu11;
				GCC_DYNAMIC_NO_PIC = NO;
				GCC_NO_COMMON_BLOCKS = YES;
				GCC_OPTIMIZATION_LEVEL = 0;
				GCC_PREPROCESSOR_DEFINITIONS = (
					"DEBUG=1",
					"$(inherited)",
				);
				GCC_WARN_64_TO_32_BIT_CONVERSION = YES;
				GCC_WARN_ABOUT_RETURN_TYPE = YES_ERROR;
				GCC_WARN_UNDECLARED_SELECTOR = YES;
				GCC_WARN_UNINITIALIZED_AUTOS = YES_AGGRESSIVE;
				GCC_WARN_UNUSED_FUNCTION = YES;
				GCC_WARN_UNUSED_VARIABLE = YES;
				IPHONEOS_DEPLOYMENT_TARGET = 16.0;
				MACOSX_DEPLOYMENT_TARGET = 13.0;
				MTL_ENABLE_DEBUG_INFO = INCLUDE_SOURCE;
				MTL_FAST_MATH = YES;
				ONLY_ACTIVE_ARCH = YES;
				SDKROOT = macosx;
				SWIFT_ACTIVE_COMPILATION_CONDITIONS = DEBUG;
				SWIFT_OPTIMIZATION_LEVEL = "-Onone";
			};
			name = Debug;
		};
		D5677FD62A40EE1A00112692 /* Release */ = {
			isa = XCBuildConfiguration;
			buildSettings = {
				ALWAYS_SEARCH_USER_PATHS = NO;
				CLANG_ANALYZER_NONNULL = YES;
				CLANG_ANALYZER_NUMBER_OBJECT_CONVERSION = YES_AGGRESSIVE;
				CLANG_CXX_LANGUAGE_STANDARD = "gnu++20";
				CLANG_ENABLE_MODULES = YES;
				CLANG_ENABLE_OBJC_ARC = YES;
				CLANG_ENABLE_OBJC_WEAK = YES;
				CLANG_WARN_BLOCK_CAPTURE_AUTORELEASING = YES;
				CLANG_WARN_BOOL_CONVERSION = YES;
				CLANG_WARN_COMMA = YES;
				CLANG_WARN_CONSTANT_CONVERSION = YES;
				CLANG_WARN_DEPRECATED_OBJC_IMPLEMENTATIONS = YES;
				CLANG_WARN_DIRECT_OBJC_ISA_USAGE = YES_ERROR;
				CLANG_WARN_DOCUMENTATION_COMMENTS = YES;
				CLANG_WARN_EMPTY_BODY = YES;
				CLANG_WARN_ENUM_CONVERSION = YES;
				CLANG_WARN_INFINITE_RECURSION = YES;
				CLANG_WARN_INT_CONVERSION = YES;
				CLANG_WARN_NON_LITERAL_NULL_CONVERSION = YES;
				CLANG_WARN_OBJC_IMPLICIT_RETAIN_SELF = YES;
				CLANG_WARN_OBJC_LITERAL_CONVERSION = YES;
				CLANG_WARN_OBJC_ROOT_CLASS = YES_ERROR;
				CLANG_WARN_QUOTED_INCLUDE_IN_FRAMEWORK_HEADER = YES;
				CLANG_WARN_RANGE_LOOP_ANALYSIS = YES;
				CLANG_WARN_STRICT_PROTOTYPES = YES;
				CLANG_WARN_SUSPICIOUS_MOVE = YES;
				CLANG_WARN_UNGUARDED_AVAILABILITY = YES_AGGRESSIVE;
				CLANG_WARN_UNREACHABLE_CODE = YES;
				CLANG_WARN__DUPLICATE_METHOD_MATCH = YES;
				COPY_PHASE_STRIP = NO;
				DEAD_CODE_STRIPPING = YES;
				DEBUG_INFORMATION_FORMAT = "dwarf-with-dsym";
				ENABLE_NS_ASSERTIONS = NO;
				ENABLE_STRICT_OBJC_MSGSEND = YES;
				GCC_C_LANGUAGE_STANDARD = gnu11;
				GCC_NO_COMMON_BLOCKS = YES;
				GCC_WARN_64_TO_32_BIT_CONVERSION = YES;
				GCC_WARN_ABOUT_RETURN_TYPE = YES_ERROR;
				GCC_WARN_UNDECLARED_SELECTOR = YES;
				GCC_WARN_UNINITIALIZED_AUTOS = YES_AGGRESSIVE;
				GCC_WARN_UNUSED_FUNCTION = YES;
				GCC_WARN_UNUSED_VARIABLE = YES;
				IPHONEOS_DEPLOYMENT_TARGET = 16.0;
				MACOSX_DEPLOYMENT_TARGET = 13.0;
				MTL_ENABLE_DEBUG_INFO = NO;
				MTL_FAST_MATH = YES;
				SDKROOT = macosx;
				SWIFT_COMPILATION_MODE = wholemodule;
				SWIFT_OPTIMIZATION_LEVEL = "-O";
			};
			name = Release;
		};
		D5677FD82A40EE1A00112692 /* Debug */ = {
			isa = XCBuildConfiguration;
			buildSettings = {
				ASSETCATALOG_COMPILER_APPICON_NAME = AppIcon;
				ASSETCATALOG_COMPILER_GLOBAL_ACCENT_COLOR_NAME = AccentColor;
				CODE_SIGN_ENTITLEMENTS = Note.it/Note_it.entitlements;
				CODE_SIGN_STYLE = Automatic;
				COMBINE_HIDPI_IMAGES = YES;
				CURRENT_PROJECT_VERSION = 5;
				DEAD_CODE_STRIPPING = YES;
				DEVELOPMENT_ASSET_PATHS = "\"Note.it/Preview Content\"";
				DEVELOPMENT_TEAM = ZWASU9HFBU;
				ENABLE_HARDENED_RUNTIME = YES;
				ENABLE_PREVIEWS = YES;
				GENERATE_INFOPLIST_FILE = YES;
				INFOPLIST_FILE = Note.it/Info.plist;
				INFOPLIST_KEY_LSApplicationCategoryType = "public.app-category.developer-tools";
				INFOPLIST_KEY_NSHumanReadableCopyright = "© 2023 Mark Howard";
				LD_RUNPATH_SEARCH_PATHS = (
					"$(inherited)",
					"@executable_path/../Frameworks",
				);
				MARKETING_VERSION = 2.0;
				PRODUCT_BUNDLE_IDENTIFIER = "com.MSJ.Note-it";
				PRODUCT_NAME = "$(TARGET_NAME)";
				SWIFT_EMIT_LOC_STRINGS = YES;
				SWIFT_VERSION = 5.0;
			};
			name = Debug;
		};
		D5677FD92A40EE1A00112692 /* Release */ = {
			isa = XCBuildConfiguration;
			buildSettings = {
				ASSETCATALOG_COMPILER_APPICON_NAME = AppIcon;
				ASSETCATALOG_COMPILER_GLOBAL_ACCENT_COLOR_NAME = AccentColor;
				CODE_SIGN_ENTITLEMENTS = Note.it/Note_it.entitlements;
				CODE_SIGN_STYLE = Automatic;
				COMBINE_HIDPI_IMAGES = YES;
				CURRENT_PROJECT_VERSION = 5;
				DEAD_CODE_STRIPPING = YES;
				DEVELOPMENT_ASSET_PATHS = "\"Note.it/Preview Content\"";
				DEVELOPMENT_TEAM = ZWASU9HFBU;
				ENABLE_HARDENED_RUNTIME = YES;
				ENABLE_PREVIEWS = YES;
				GENERATE_INFOPLIST_FILE = YES;
				INFOPLIST_FILE = Note.it/Info.plist;
				INFOPLIST_KEY_LSApplicationCategoryType = "public.app-category.developer-tools";
				INFOPLIST_KEY_NSHumanReadableCopyright = "© 2023 Mark Howard";
				LD_RUNPATH_SEARCH_PATHS = (
					"$(inherited)",
					"@executable_path/../Frameworks",
				);
				MARKETING_VERSION = 2.0;
				PRODUCT_BUNDLE_IDENTIFIER = "com.MSJ.Note-it";
				PRODUCT_NAME = "$(TARGET_NAME)";
				SWIFT_EMIT_LOC_STRINGS = YES;
				SWIFT_VERSION = 5.0;
			};
			name = Release;
		};
		D5677FEF2A41016B00112692 /* Debug */ = {
			isa = XCBuildConfiguration;
			buildSettings = {
				ASSETCATALOG_COMPILER_APPICON_NAME = AppIcon;
				ASSETCATALOG_COMPILER_GLOBAL_ACCENT_COLOR_NAME = AccentColor;
				CODE_SIGN_STYLE = Automatic;
				CURRENT_PROJECT_VERSION = 5;
				DEVELOPMENT_ASSET_PATHS = "\"Note.it iOS/Preview Content\"";
				DEVELOPMENT_TEAM = ZWASU9HFBU;
				ENABLE_PREVIEWS = YES;
				GENERATE_INFOPLIST_FILE = YES;
				INFOPLIST_FILE = "Note.it iOS/Info.plist";
				INFOPLIST_KEY_CFBundleDisplayName = Note.it;
				INFOPLIST_KEY_LSApplicationCategoryType = "public.app-category.developer-tools";
				INFOPLIST_KEY_LSSupportsOpeningDocumentsInPlace = YES;
				INFOPLIST_KEY_UIApplicationSceneManifest_Generation = YES;
				INFOPLIST_KEY_UIApplicationSupportsIndirectInputEvents = YES;
				INFOPLIST_KEY_UILaunchScreen_Generation = YES;
				INFOPLIST_KEY_UISupportedInterfaceOrientations_iPad = "UIInterfaceOrientationPortrait UIInterfaceOrientationPortraitUpsideDown UIInterfaceOrientationLandscapeLeft UIInterfaceOrientationLandscapeRight";
				INFOPLIST_KEY_UISupportedInterfaceOrientations_iPhone = "UIInterfaceOrientationPortrait UIInterfaceOrientationLandscapeLeft UIInterfaceOrientationLandscapeRight";
				INFOPLIST_KEY_UISupportsDocumentBrowser = YES;
				IPHONEOS_DEPLOYMENT_TARGET = 16.0;
				LD_RUNPATH_SEARCH_PATHS = (
					"$(inherited)",
					"@executable_path/Frameworks",
				);
				MARKETING_VERSION = 2.0;
				PRODUCT_BUNDLE_IDENTIFIER = "com.MSJ.Note-it-iOS";
				PRODUCT_NAME = "$(TARGET_NAME)";
				SDKROOT = iphoneos;
				SUPPORTED_PLATFORMS = "iphoneos iphonesimulator";
				SUPPORTS_MACCATALYST = NO;
				SUPPORTS_MAC_DESIGNED_FOR_IPHONE_IPAD = NO;
				SWIFT_EMIT_LOC_STRINGS = YES;
				SWIFT_VERSION = 5.0;
				TARGETED_DEVICE_FAMILY = "1,2";
			};
			name = Debug;
		};
		D5677FF02A41016B00112692 /* Release */ = {
			isa = XCBuildConfiguration;
			buildSettings = {
				ASSETCATALOG_COMPILER_APPICON_NAME = AppIcon;
				ASSETCATALOG_COMPILER_GLOBAL_ACCENT_COLOR_NAME = AccentColor;
				CODE_SIGN_STYLE = Automatic;
				CURRENT_PROJECT_VERSION = 5;
				DEVELOPMENT_ASSET_PATHS = "\"Note.it iOS/Preview Content\"";
				DEVELOPMENT_TEAM = ZWASU9HFBU;
				ENABLE_PREVIEWS = YES;
				GENERATE_INFOPLIST_FILE = YES;
				INFOPLIST_FILE = "Note.it iOS/Info.plist";
				INFOPLIST_KEY_CFBundleDisplayName = Note.it;
				INFOPLIST_KEY_LSApplicationCategoryType = "public.app-category.developer-tools";
				INFOPLIST_KEY_LSSupportsOpeningDocumentsInPlace = YES;
				INFOPLIST_KEY_UIApplicationSceneManifest_Generation = YES;
				INFOPLIST_KEY_UIApplicationSupportsIndirectInputEvents = YES;
				INFOPLIST_KEY_UILaunchScreen_Generation = YES;
				INFOPLIST_KEY_UISupportedInterfaceOrientations_iPad = "UIInterfaceOrientationPortrait UIInterfaceOrientationPortraitUpsideDown UIInterfaceOrientationLandscapeLeft UIInterfaceOrientationLandscapeRight";
				INFOPLIST_KEY_UISupportedInterfaceOrientations_iPhone = "UIInterfaceOrientationPortrait UIInterfaceOrientationLandscapeLeft UIInterfaceOrientationLandscapeRight";
				INFOPLIST_KEY_UISupportsDocumentBrowser = YES;
				IPHONEOS_DEPLOYMENT_TARGET = 16.0;
				LD_RUNPATH_SEARCH_PATHS = (
					"$(inherited)",
					"@executable_path/Frameworks",
				);
				MARKETING_VERSION = 2.0;
				PRODUCT_BUNDLE_IDENTIFIER = "com.MSJ.Note-it-iOS";
				PRODUCT_NAME = "$(TARGET_NAME)";
				SDKROOT = iphoneos;
				SUPPORTED_PLATFORMS = "iphoneos iphonesimulator";
				SUPPORTS_MACCATALYST = NO;
				SUPPORTS_MAC_DESIGNED_FOR_IPHONE_IPAD = NO;
				SWIFT_EMIT_LOC_STRINGS = YES;
				SWIFT_VERSION = 5.0;
				TARGETED_DEVICE_FAMILY = "1,2";
				VALIDATE_PRODUCT = YES;
			};
			name = Release;
		};
/* End XCBuildConfiguration section */

/* Begin XCConfigurationList section */
		D5677FC02A40EE1900112692 /* Build configuration list for PBXProject "Note.it" */ = {
			isa = XCConfigurationList;
			buildConfigurations = (
				D5677FD52A40EE1A00112692 /* Debug */,
				D5677FD62A40EE1A00112692 /* Release */,
			);
			defaultConfigurationIsVisible = 0;
			defaultConfigurationName = Release;
		};
		D5677FD72A40EE1A00112692 /* Build configuration list for PBXNativeTarget "Note.it" */ = {
			isa = XCConfigurationList;
			buildConfigurations = (
				D5677FD82A40EE1A00112692 /* Debug */,
				D5677FD92A40EE1A00112692 /* Release */,
			);
			defaultConfigurationIsVisible = 0;
			defaultConfigurationName = Release;
		};
		D5677FEE2A41016B00112692 /* Build configuration list for PBXNativeTarget "Note.it iOS" */ = {
			isa = XCConfigurationList;
			buildConfigurations = (
				D5677FEF2A41016B00112692 /* Debug */,
				D5677FF02A41016B00112692 /* Release */,
			);
			defaultConfigurationIsVisible = 0;
			defaultConfigurationName = Release;
		};
/* End XCConfigurationList section */

/* Begin XCRemoteSwiftPackageReference section */
		D55937B22A4C8640008F1AEF /* XCRemoteSwiftPackageReference "CodeMirror-SwiftUI" */ = {
			isa = XCRemoteSwiftPackageReference;
			repositoryURL = "https://github.com/Pictarine/CodeMirror-SwiftUI.git";
			requirement = {
				branch = master;
				kind = branch;
			};
		};
		D55937B92A54AF46008F1AEF /* XCRemoteSwiftPackageReference "SwiftUIPrint" */ = {
			isa = XCRemoteSwiftPackageReference;
			repositoryURL = "https://github.com/wolfmcnally/SwiftUIPrint.git";
			requirement = {
				kind = upToNextMajorVersion;
				minimumVersion = 2.0.0;
			};
		};
/* End XCRemoteSwiftPackageReference section */

/* Begin XCSwiftPackageProductDependency section */
		D55937B32A4C8640008F1AEF /* CodeMirror-SwiftUI */ = {
			isa = XCSwiftPackageProductDependency;
			package = D55937B22A4C8640008F1AEF /* XCRemoteSwiftPackageReference "CodeMirror-SwiftUI" */;
			productName = "CodeMirror-SwiftUI";
		};
		D55937BA2A54AF46008F1AEF /* SwiftUIPrint */ = {
			isa = XCSwiftPackageProductDependency;
			package = D55937B92A54AF46008F1AEF /* XCRemoteSwiftPackageReference "SwiftUIPrint" */;
			productName = SwiftUIPrint;
		};
		D55937BD2A54B137008F1AEF /* CodeMirror-SwiftUI */ = {
			isa = XCSwiftPackageProductDependency;
			package = D55937B22A4C8640008F1AEF /* XCRemoteSwiftPackageReference "CodeMirror-SwiftUI" */;
			productName = "CodeMirror-SwiftUI";
		};
/* End XCSwiftPackageProductDependency section */
	};
	rootObject = D5677FBD2A40EE1900112692 /* Project object */;
}
