// !$*UTF8*$!
{
	archiveVersion = 1;
	classes = {
	};
	objectVersion = 52;
	objects = {

/* Begin PBXBuildFile section */
		D50C75FD262DE1E400561E7A /* Preferences in Frameworks */ = {isa = PBXBuildFile; productRef = D50C75FC262DE1E400561E7A /* Preferences */; };
		D5130CE325CEDE42001256A2 /* TextEdit_itApp.swift in Sources */ = {isa = PBXBuildFile; fileRef = D5130CE225CEDE42001256A2 /* TextEdit_itApp.swift */; };
		D5130CE525CEDE42001256A2 /* TextEdit_itDocument.swift in Sources */ = {isa = PBXBuildFile; fileRef = D5130CE425CEDE42001256A2 /* TextEdit_itDocument.swift */; };
		D5130CE725CEDE42001256A2 /* ContentView.swift in Sources */ = {isa = PBXBuildFile; fileRef = D5130CE625CEDE42001256A2 /* ContentView.swift */; };
		D5130CE925CEDE44001256A2 /* Assets.xcassets in Resources */ = {isa = PBXBuildFile; fileRef = D5130CE825CEDE44001256A2 /* Assets.xcassets */; };
		D5130CEC25CEDE44001256A2 /* Preview Assets.xcassets in Resources */ = {isa = PBXBuildFile; fileRef = D5130CEB25CEDE44001256A2 /* Preview Assets.xcassets */; };
		D5238831264FFD8B003391F8 /* CodeMirror-SwiftUI in Frameworks */ = {isa = PBXBuildFile; productRef = D5238830264FFD8B003391F8 /* CodeMirror-SwiftUI */; };
		D5238832264FFD8B003391F8 /* CodeMirror-SwiftUI in Embed Frameworks */ = {isa = PBXBuildFile; productRef = D5238830264FFD8B003391F8 /* CodeMirror-SwiftUI */; settings = {ATTRIBUTES = (CodeSignOnCopy, ); }; };
		D550CE2B25E2AF52005FA8BB /* SettingsView.swift in Sources */ = {isa = PBXBuildFile; fileRef = D550CE2A25E2AF52005FA8BB /* SettingsView.swift */; };
		D559AB75261CBFED00C6E8FC /* KeyboardShortcuts in Frameworks */ = {isa = PBXBuildFile; productRef = D559AB74261CBFED00C6E8FC /* KeyboardShortcuts */; };
		D5762E05264042110069A17F /* TextEdit_it_iOSApp.swift in Sources */ = {isa = PBXBuildFile; fileRef = D5762E04264042110069A17F /* TextEdit_it_iOSApp.swift */; };
		D5762E07264042110069A17F /* TextEdit_it_iOSDocument.swift in Sources */ = {isa = PBXBuildFile; fileRef = D5762E06264042110069A17F /* TextEdit_it_iOSDocument.swift */; };
		D5762E09264042110069A17F /* ContentView.swift in Sources */ = {isa = PBXBuildFile; fileRef = D5762E08264042110069A17F /* ContentView.swift */; };
		D5762E0B264042140069A17F /* Assets.xcassets in Resources */ = {isa = PBXBuildFile; fileRef = D5762E0A264042140069A17F /* Assets.xcassets */; };
		D5762E0E264042140069A17F /* Preview Assets.xcassets in Resources */ = {isa = PBXBuildFile; fileRef = D5762E0D264042140069A17F /* Preview Assets.xcassets */; };
		D5762E17264042420069A17F /* CodeMirror-SwiftUI in Frameworks */ = {isa = PBXBuildFile; productRef = D5762E16264042420069A17F /* CodeMirror-SwiftUI */; };
		D5762E18264042420069A17F /* CodeMirror-SwiftUI in Embed Frameworks */ = {isa = PBXBuildFile; productRef = D5762E16264042420069A17F /* CodeMirror-SwiftUI */; settings = {ATTRIBUTES = (CodeSignOnCopy, ); }; };
		D5762E1E2640484D0069A17F /* SettingsView.swift in Sources */ = {isa = PBXBuildFile; fileRef = D5762E1C264048490069A17F /* SettingsView.swift */; };
		D5762E202640505D0069A17F /* Settings.bundle in Resources */ = {isa = PBXBuildFile; fileRef = D5762E1F2640505D0069A17F /* Settings.bundle */; };
		D5F30FCA2763F8A80069631E /* SwiftUIPrint in Frameworks */ = {isa = PBXBuildFile; productRef = D5F30FC92763F8A80069631E /* SwiftUIPrint */; };
/* End PBXBuildFile section */

/* Begin PBXCopyFilesBuildPhase section */
		D56347DC25F1143400CDA55E /* Embed Frameworks */ = {
			isa = PBXCopyFilesBuildPhase;
			buildActionMask = 2147483647;
			dstPath = "";
			dstSubfolderSpec = 10;
			files = (
				D5238832264FFD8B003391F8 /* CodeMirror-SwiftUI in Embed Frameworks */,
			);
			name = "Embed Frameworks";
			runOnlyForDeploymentPostprocessing = 0;
		};
		D5762E19264042420069A17F /* Embed Frameworks */ = {
			isa = PBXCopyFilesBuildPhase;
			buildActionMask = 2147483647;
			dstPath = "";
			dstSubfolderSpec = 10;
			files = (
				D5762E18264042420069A17F /* CodeMirror-SwiftUI in Embed Frameworks */,
			);
			name = "Embed Frameworks";
			runOnlyForDeploymentPostprocessing = 0;
		};
/* End PBXCopyFilesBuildPhase section */

/* Begin PBXFileReference section */
		D5130CDF25CEDE42001256A2 /* Note.it.app */ = {isa = PBXFileReference; explicitFileType = wrapper.application; includeInIndex = 0; path = Note.it.app; sourceTree = BUILT_PRODUCTS_DIR; };
		D5130CE225CEDE42001256A2 /* TextEdit_itApp.swift */ = {isa = PBXFileReference; lastKnownFileType = sourcecode.swift; path = TextEdit_itApp.swift; sourceTree = "<group>"; };
		D5130CE425CEDE42001256A2 /* TextEdit_itDocument.swift */ = {isa = PBXFileReference; lastKnownFileType = sourcecode.swift; path = TextEdit_itDocument.swift; sourceTree = "<group>"; };
		D5130CE625CEDE42001256A2 /* ContentView.swift */ = {isa = PBXFileReference; lastKnownFileType = sourcecode.swift; path = ContentView.swift; sourceTree = "<group>"; };
		D5130CE825CEDE44001256A2 /* Assets.xcassets */ = {isa = PBXFileReference; lastKnownFileType = folder.assetcatalog; path = Assets.xcassets; sourceTree = "<group>"; };
		D5130CEB25CEDE44001256A2 /* Preview Assets.xcassets */ = {isa = PBXFileReference; lastKnownFileType = folder.assetcatalog; path = "Preview Assets.xcassets"; sourceTree = "<group>"; };
		D5130CED25CEDE44001256A2 /* Info.plist */ = {isa = PBXFileReference; lastKnownFileType = text.plist.xml; path = Info.plist; sourceTree = "<group>"; };
		D5130CEE25CEDE44001256A2 /* TextEdit_it.entitlements */ = {isa = PBXFileReference; lastKnownFileType = text.plist.entitlements; path = TextEdit_it.entitlements; sourceTree = "<group>"; };
		D550CE2A25E2AF52005FA8BB /* SettingsView.swift */ = {isa = PBXFileReference; lastKnownFileType = sourcecode.swift; path = SettingsView.swift; sourceTree = "<group>"; };
		D5762E02264042110069A17F /* Note.it iOS.app */ = {isa = PBXFileReference; explicitFileType = wrapper.application; includeInIndex = 0; path = "Note.it iOS.app"; sourceTree = BUILT_PRODUCTS_DIR; };
		D5762E04264042110069A17F /* TextEdit_it_iOSApp.swift */ = {isa = PBXFileReference; lastKnownFileType = sourcecode.swift; path = TextEdit_it_iOSApp.swift; sourceTree = "<group>"; };
		D5762E06264042110069A17F /* TextEdit_it_iOSDocument.swift */ = {isa = PBXFileReference; lastKnownFileType = sourcecode.swift; path = TextEdit_it_iOSDocument.swift; sourceTree = "<group>"; };
		D5762E08264042110069A17F /* ContentView.swift */ = {isa = PBXFileReference; lastKnownFileType = sourcecode.swift; path = ContentView.swift; sourceTree = "<group>"; };
		D5762E0A264042140069A17F /* Assets.xcassets */ = {isa = PBXFileReference; lastKnownFileType = folder.assetcatalog; path = Assets.xcassets; sourceTree = "<group>"; };
		D5762E0D264042140069A17F /* Preview Assets.xcassets */ = {isa = PBXFileReference; lastKnownFileType = folder.assetcatalog; path = "Preview Assets.xcassets"; sourceTree = "<group>"; };
		D5762E0F264042140069A17F /* Info.plist */ = {isa = PBXFileReference; lastKnownFileType = text.plist.xml; path = Info.plist; sourceTree = "<group>"; };
		D5762E1C264048490069A17F /* SettingsView.swift */ = {isa = PBXFileReference; lastKnownFileType = sourcecode.swift; path = SettingsView.swift; sourceTree = "<group>"; };
		D5762E1F2640505D0069A17F /* Settings.bundle */ = {isa = PBXFileReference; lastKnownFileType = "wrapper.plug-in"; path = Settings.bundle; sourceTree = "<group>"; };
/* End PBXFileReference section */

/* Begin PBXFrameworksBuildPhase section */
		D5130CDC25CEDE42001256A2 /* Frameworks */ = {
			isa = PBXFrameworksBuildPhase;
			buildActionMask = 2147483647;
			files = (
				D50C75FD262DE1E400561E7A /* Preferences in Frameworks */,
				D5238831264FFD8B003391F8 /* CodeMirror-SwiftUI in Frameworks */,
				D559AB75261CBFED00C6E8FC /* KeyboardShortcuts in Frameworks */,
			);
			runOnlyForDeploymentPostprocessing = 0;
		};
		D5762DFF264042110069A17F /* Frameworks */ = {
			isa = PBXFrameworksBuildPhase;
			buildActionMask = 2147483647;
			files = (
				D5F30FCA2763F8A80069631E /* SwiftUIPrint in Frameworks */,
				D5762E17264042420069A17F /* CodeMirror-SwiftUI in Frameworks */,
			);
			runOnlyForDeploymentPostprocessing = 0;
		};
/* End PBXFrameworksBuildPhase section */

/* Begin PBXGroup section */
		D5130CD625CEDE42001256A2 = {
			isa = PBXGroup;
			children = (
				D5130CE125CEDE42001256A2 /* TextEdit.it */,
				D5762E03264042110069A17F /* TextEdit.it iOS */,
				D5130CE025CEDE42001256A2 /* Products */,
				D5762E132640423F0069A17F /* Frameworks */,
			);
			sourceTree = "<group>";
		};
		D5130CE025CEDE42001256A2 /* Products */ = {
			isa = PBXGroup;
			children = (
				D5130CDF25CEDE42001256A2 /* Note.it.app */,
				D5762E02264042110069A17F /* Note.it iOS.app */,
			);
			name = Products;
			sourceTree = "<group>";
		};
		D5130CE125CEDE42001256A2 /* TextEdit.it */ = {
			isa = PBXGroup;
			children = (
				D5130CE225CEDE42001256A2 /* TextEdit_itApp.swift */,
				D5130CE425CEDE42001256A2 /* TextEdit_itDocument.swift */,
				D5130CE625CEDE42001256A2 /* ContentView.swift */,
				D5130CE825CEDE44001256A2 /* Assets.xcassets */,
				D5130CED25CEDE44001256A2 /* Info.plist */,
				D5130CEE25CEDE44001256A2 /* TextEdit_it.entitlements */,
				D5130CEA25CEDE44001256A2 /* Preview Content */,
				D550CE2A25E2AF52005FA8BB /* SettingsView.swift */,
			);
			path = TextEdit.it;
			sourceTree = "<group>";
		};
		D5130CEA25CEDE44001256A2 /* Preview Content */ = {
			isa = PBXGroup;
			children = (
				D5130CEB25CEDE44001256A2 /* Preview Assets.xcassets */,
			);
			path = "Preview Content";
			sourceTree = "<group>";
		};
		D5762E03264042110069A17F /* TextEdit.it iOS */ = {
			isa = PBXGroup;
			children = (
				D5762E04264042110069A17F /* TextEdit_it_iOSApp.swift */,
				D5762E06264042110069A17F /* TextEdit_it_iOSDocument.swift */,
				D5762E08264042110069A17F /* ContentView.swift */,
				D5762E0A264042140069A17F /* Assets.xcassets */,
				D5762E0F264042140069A17F /* Info.plist */,
				D5762E0C264042140069A17F /* Preview Content */,
				D5762E1C264048490069A17F /* SettingsView.swift */,
				D5762E1F2640505D0069A17F /* Settings.bundle */,
			);
			path = "TextEdit.it iOS";
			sourceTree = "<group>";
		};
		D5762E0C264042140069A17F /* Preview Content */ = {
			isa = PBXGroup;
			children = (
				D5762E0D264042140069A17F /* Preview Assets.xcassets */,
			);
			path = "Preview Content";
			sourceTree = "<group>";
		};
		D5762E132640423F0069A17F /* Frameworks */ = {
			isa = PBXGroup;
			children = (
			);
			name = Frameworks;
			sourceTree = "<group>";
		};
/* End PBXGroup section */

/* Begin PBXNativeTarget section */
		D5130CDE25CEDE42001256A2 /* Note.it */ = {
			isa = PBXNativeTarget;
			buildConfigurationList = D5130CF125CEDE44001256A2 /* Build configuration list for PBXNativeTarget "Note.it" */;
			buildPhases = (
				D5130CDB25CEDE42001256A2 /* Sources */,
				D5130CDC25CEDE42001256A2 /* Frameworks */,
				D5130CDD25CEDE42001256A2 /* Resources */,
				D56347DC25F1143400CDA55E /* Embed Frameworks */,
			);
			buildRules = (
			);
			dependencies = (
			);
			name = Note.it;
			packageProductDependencies = (
				D559AB74261CBFED00C6E8FC /* KeyboardShortcuts */,
				D50C75FC262DE1E400561E7A /* Preferences */,
				D5238830264FFD8B003391F8 /* CodeMirror-SwiftUI */,
			);
			productName = TextEdit.it;
			productReference = D5130CDF25CEDE42001256A2 /* Note.it.app */;
			productType = "com.apple.product-type.application";
		};
		D5762E01264042110069A17F /* Note.it iOS */ = {
			isa = PBXNativeTarget;
			buildConfigurationList = D5762E12264042140069A17F /* Build configuration list for PBXNativeTarget "Note.it iOS" */;
			buildPhases = (
				D5762DFE264042110069A17F /* Sources */,
				D5762DFF264042110069A17F /* Frameworks */,
				D5762E00264042110069A17F /* Resources */,
				D5762E19264042420069A17F /* Embed Frameworks */,
			);
			buildRules = (
			);
			dependencies = (
			);
			name = "Note.it iOS";
			packageProductDependencies = (
				D5762E16264042420069A17F /* CodeMirror-SwiftUI */,
				D5F30FC92763F8A80069631E /* SwiftUIPrint */,
			);
			productName = "TextEdit.it iOS";
			productReference = D5762E02264042110069A17F /* Note.it iOS.app */;
			productType = "com.apple.product-type.application";
		};
/* End PBXNativeTarget section */

/* Begin PBXProject section */
		D5130CD725CEDE42001256A2 /* Project object */ = {
			isa = PBXProject;
			attributes = {
				LastSwiftUpdateCheck = 1240;
				LastUpgradeCheck = 1250;
				TargetAttributes = {
					D5130CDE25CEDE42001256A2 = {
						CreatedOnToolsVersion = 12.4;
					};
					D5762E01264042110069A17F = {
						CreatedOnToolsVersion = 12.4;
					};
				};
			};
			buildConfigurationList = D5130CDA25CEDE42001256A2 /* Build configuration list for PBXProject "TextEdit.it" */;
			compatibilityVersion = "Xcode 9.3";
			developmentRegion = en;
			hasScannedForEncodings = 0;
			knownRegions = (
				en,
				Base,
			);
			mainGroup = D5130CD625CEDE42001256A2;
			packageReferences = (
				D559AB73261CBFED00C6E8FC /* XCRemoteSwiftPackageReference "KeyboardShortcuts" */,
				D559AB76261CC34400C6E8FC /* XCRemoteSwiftPackageReference "CodeMirror-SwiftUI" */,
				D50C75FB262DE1E400561E7A /* XCRemoteSwiftPackageReference "Preferences" */,
				D5F30FC82763F8A70069631E /* XCRemoteSwiftPackageReference "SwiftUIPrint" */,
			);
			productRefGroup = D5130CE025CEDE42001256A2 /* Products */;
			projectDirPath = "";
			projectRoot = "";
			targets = (
				D5130CDE25CEDE42001256A2 /* Note.it */,
				D5762E01264042110069A17F /* Note.it iOS */,
			);
		};
/* End PBXProject section */

/* Begin PBXResourcesBuildPhase section */
		D5130CDD25CEDE42001256A2 /* Resources */ = {
			isa = PBXResourcesBuildPhase;
			buildActionMask = 2147483647;
			files = (
				D5130CEC25CEDE44001256A2 /* Preview Assets.xcassets in Resources */,
				D5130CE925CEDE44001256A2 /* Assets.xcassets in Resources */,
			);
			runOnlyForDeploymentPostprocessing = 0;
		};
		D5762E00264042110069A17F /* Resources */ = {
			isa = PBXResourcesBuildPhase;
			buildActionMask = 2147483647;
			files = (
				D5762E0E264042140069A17F /* Preview Assets.xcassets in Resources */,
				D5762E202640505D0069A17F /* Settings.bundle in Resources */,
				D5762E0B264042140069A17F /* Assets.xcassets in Resources */,
			);
			runOnlyForDeploymentPostprocessing = 0;
		};
/* End PBXResourcesBuildPhase section */

/* Begin PBXSourcesBuildPhase section */
		D5130CDB25CEDE42001256A2 /* Sources */ = {
			isa = PBXSourcesBuildPhase;
			buildActionMask = 2147483647;
			files = (
				D5130CE525CEDE42001256A2 /* TextEdit_itDocument.swift in Sources */,
				D550CE2B25E2AF52005FA8BB /* SettingsView.swift in Sources */,
				D5130CE325CEDE42001256A2 /* TextEdit_itApp.swift in Sources */,
				D5130CE725CEDE42001256A2 /* ContentView.swift in Sources */,
			);
			runOnlyForDeploymentPostprocessing = 0;
		};
		D5762DFE264042110069A17F /* Sources */ = {
			isa = PBXSourcesBuildPhase;
			buildActionMask = 2147483647;
			files = (
				D5762E07264042110069A17F /* TextEdit_it_iOSDocument.swift in Sources */,
				D5762E1E2640484D0069A17F /* SettingsView.swift in Sources */,
				D5762E05264042110069A17F /* TextEdit_it_iOSApp.swift in Sources */,
				D5762E09264042110069A17F /* ContentView.swift in Sources */,
			);
			runOnlyForDeploymentPostprocessing = 0;
		};
/* End PBXSourcesBuildPhase section */

/* Begin XCBuildConfiguration section */
		D5130CEF25CEDE44001256A2 /* Debug */ = {
			isa = XCBuildConfiguration;
			buildSettings = {
				ALWAYS_SEARCH_USER_PATHS = NO;
				CLANG_ANALYZER_NONNULL = YES;
				CLANG_ANALYZER_NUMBER_OBJECT_CONVERSION = YES_AGGRESSIVE;
				CLANG_CXX_LANGUAGE_STANDARD = "gnu++14";
				CLANG_CXX_LIBRARY = "libc++";
				CLANG_ENABLE_MODULES = YES;
				CLANG_ENABLE_OBJC_ARC = YES;
				CLANG_ENABLE_OBJC_WEAK = YES;
				CLANG_WARN_BLOCK_CAPTURE_AUTORELEASING = YES;
				CLANG_WARN_BOOL_CONVERSION = YES;
				CLANG_WARN_COMMA = YES;
				CLANG_WARN_CONSTANT_CONVERSION = YES;
				CLANG_WARN_DEPRECATED_OBJC_IMPLEMENTATIONS = YES;
				CLANG_WARN_DIRECT_OBJC_ISA_USAGE = YES_ERROR;
				CLANG_WARN_DOCUMENTATION_COMMENTS = YES;
				CLANG_WARN_EMPTY_BODY = YES;
				CLANG_WARN_ENUM_CONVERSION = YES;
				CLANG_WARN_INFINITE_RECURSION = YES;
				CLANG_WARN_INT_CONVERSION = YES;
				CLANG_WARN_NON_LITERAL_NULL_CONVERSION = YES;
				CLANG_WARN_OBJC_IMPLICIT_RETAIN_SELF = YES;
				CLANG_WARN_OBJC_LITERAL_CONVERSION = YES;
				CLANG_WARN_OBJC_ROOT_CLASS = YES_ERROR;
				CLANG_WARN_QUOTED_INCLUDE_IN_FRAMEWORK_HEADER = YES;
				CLANG_WARN_RANGE_LOOP_ANALYSIS = YES;
				CLANG_WARN_STRICT_PROTOTYPES = YES;
				CLANG_WARN_SUSPICIOUS_MOVE = YES;
				CLANG_WARN_UNGUARDED_AVAILABILITY = YES_AGGRESSIVE;
				CLANG_WARN_UNREACHABLE_CODE = YES;
				CLANG_WARN__DUPLICATE_METHOD_MATCH = YES;
				COPY_PHASE_STRIP = NO;
				DEBUG_INFORMATION_FORMAT = dwarf;
				ENABLE_STRICT_OBJC_MSGSEND = YES;
				ENABLE_TESTABILITY = YES;
				GCC_C_LANGUAGE_STANDARD = gnu11;
				GCC_DYNAMIC_NO_PIC = NO;
				GCC_NO_COMMON_BLOCKS = YES;
				GCC_OPTIMIZATION_LEVEL = 0;
				GCC_PREPROCESSOR_DEFINITIONS = (
					"DEBUG=1",
					"$(inherited)",
				);
				GCC_WARN_64_TO_32_BIT_CONVERSION = YES;
				GCC_WARN_ABOUT_RETURN_TYPE = YES_ERROR;
				GCC_WARN_UNDECLARED_SELECTOR = YES;
				GCC_WARN_UNINITIALIZED_AUTOS = YES_AGGRESSIVE;
				GCC_WARN_UNUSED_FUNCTION = YES;
				GCC_WARN_UNUSED_VARIABLE = YES;
				MACOSX_DEPLOYMENT_TARGET = 11.1;
				MTL_ENABLE_DEBUG_INFO = INCLUDE_SOURCE;
				MTL_FAST_MATH = YES;
				ONLY_ACTIVE_ARCH = YES;
				SDKROOT = macosx;
				SWIFT_ACTIVE_COMPILATION_CONDITIONS = DEBUG;
				SWIFT_OPTIMIZATION_LEVEL = "-Onone";
			};
			name = Debug;
		};
		D5130CF025CEDE44001256A2 /* Release */ = {
			isa = XCBuildConfiguration;
			buildSettings = {
				ALWAYS_SEARCH_USER_PATHS = NO;
				CLANG_ANALYZER_NONNULL = YES;
				CLANG_ANALYZER_NUMBER_OBJECT_CONVERSION = YES_AGGRESSIVE;
				CLANG_CXX_LANGUAGE_STANDARD = "gnu++14";
				CLANG_CXX_LIBRARY = "libc++";
				CLANG_ENABLE_MODULES = YES;
				CLANG_ENABLE_OBJC_ARC = YES;
				CLANG_ENABLE_OBJC_WEAK = YES;
				CLANG_WARN_BLOCK_CAPTURE_AUTORELEASING = YES;
				CLANG_WARN_BOOL_CONVERSION = YES;
				CLANG_WARN_COMMA = YES;
				CLANG_WARN_CONSTANT_CONVERSION = YES;
				CLANG_WARN_DEPRECATED_OBJC_IMPLEMENTATIONS = YES;
				CLANG_WARN_DIRECT_OBJC_ISA_USAGE = YES_ERROR;
				CLANG_WARN_DOCUMENTATION_COMMENTS = YES;
				CLANG_WARN_EMPTY_BODY = YES;
				CLANG_WARN_ENUM_CONVERSION = YES;
				CLANG_WARN_INFINITE_RECURSION = YES;
				CLANG_WARN_INT_CONVERSION = YES;
				CLANG_WARN_NON_LITERAL_NULL_CONVERSION = YES;
				CLANG_WARN_OBJC_IMPLICIT_RETAIN_SELF = YES;
				CLANG_WARN_OBJC_LITERAL_CONVERSION = YES;
				CLANG_WARN_OBJC_ROOT_CLASS = YES_ERROR;
				CLANG_WARN_QUOTED_INCLUDE_IN_FRAMEWORK_HEADER = YES;
				CLANG_WARN_RANGE_LOOP_ANALYSIS = YES;
				CLANG_WARN_STRICT_PROTOTYPES = YES;
				CLANG_WARN_SUSPICIOUS_MOVE = YES;
				CLANG_WARN_UNGUARDED_AVAILABILITY = YES_AGGRESSIVE;
				CLANG_WARN_UNREACHABLE_CODE = YES;
				CLANG_WARN__DUPLICATE_METHOD_MATCH = YES;
				COPY_PHASE_STRIP = NO;
				DEBUG_INFORMATION_FORMAT = "dwarf-with-dsym";
				ENABLE_NS_ASSERTIONS = NO;
				ENABLE_STRICT_OBJC_MSGSEND = YES;
				GCC_C_LANGUAGE_STANDARD = gnu11;
				GCC_NO_COMMON_BLOCKS = YES;
				GCC_WARN_64_TO_32_BIT_CONVERSION = YES;
				GCC_WARN_ABOUT_RETURN_TYPE = YES_ERROR;
				GCC_WARN_UNDECLARED_SELECTOR = YES;
				GCC_WARN_UNINITIALIZED_AUTOS = YES_AGGRESSIVE;
				GCC_WARN_UNUSED_FUNCTION = YES;
				GCC_WARN_UNUSED_VARIABLE = YES;
				MACOSX_DEPLOYMENT_TARGET = 11.1;
				MTL_ENABLE_DEBUG_INFO = NO;
				MTL_FAST_MATH = YES;
				SDKROOT = macosx;
				SWIFT_COMPILATION_MODE = wholemodule;
				SWIFT_OPTIMIZATION_LEVEL = "-O";
			};
			name = Release;
		};
		D5130CF225CEDE44001256A2 /* Debug */ = {
			isa = XCBuildConfiguration;
			buildSettings = {
				ASSETCATALOG_COMPILER_APPICON_NAME = AppIcon;
				ASSETCATALOG_COMPILER_GLOBAL_ACCENT_COLOR_NAME = AccentColor;
				CODE_SIGN_ENTITLEMENTS = TextEdit.it/TextEdit_it.entitlements;
				CODE_SIGN_IDENTITY = "Apple Development";
				CODE_SIGN_STYLE = Automatic;
				COMBINE_HIDPI_IMAGES = YES;
				CURRENT_PROJECT_VERSION = 1;
				DEVELOPMENT_ASSET_PATHS = "\"TextEdit.it/Preview Content\"";
				DEVELOPMENT_TEAM = ZWASU9HFBU;
				ENABLE_HARDENED_RUNTIME = YES;
				ENABLE_PREVIEWS = YES;
				INFOPLIST_FILE = TextEdit.it/Info.plist;
				LD_RUNPATH_SEARCH_PATHS = (
					"$(inherited)",
					"@executable_path/../Frameworks",
				);
				MACOSX_DEPLOYMENT_TARGET = 11.0;
				MARKETING_VERSION = 1.2.2;
				PRODUCT_BUNDLE_IDENTIFIER = "com.MSJ.TextEdit-it";
				PRODUCT_NAME = "$(TARGET_NAME)";
				SWIFT_VERSION = 5.0;
			};
			name = Debug;
		};
		D5130CF325CEDE44001256A2 /* Release */ = {
			isa = XCBuildConfiguration;
			buildSettings = {
				ASSETCATALOG_COMPILER_APPICON_NAME = AppIcon;
				ASSETCATALOG_COMPILER_GLOBAL_ACCENT_COLOR_NAME = AccentColor;
				CODE_SIGN_ENTITLEMENTS = TextEdit.it/TextEdit_it.entitlements;
				CODE_SIGN_IDENTITY = "Apple Development";
				CODE_SIGN_STYLE = Automatic;
				COMBINE_HIDPI_IMAGES = YES;
				CURRENT_PROJECT_VERSION = 1;
				DEVELOPMENT_ASSET_PATHS = "\"TextEdit.it/Preview Content\"";
				DEVELOPMENT_TEAM = ZWASU9HFBU;
				ENABLE_HARDENED_RUNTIME = YES;
				ENABLE_PREVIEWS = YES;
				INFOPLIST_FILE = TextEdit.it/Info.plist;
				LD_RUNPATH_SEARCH_PATHS = (
					"$(inherited)",
					"@executable_path/../Frameworks",
				);
				MACOSX_DEPLOYMENT_TARGET = 11.0;
				MARKETING_VERSION = 1.2.2;
				PRODUCT_BUNDLE_IDENTIFIER = "com.MSJ.TextEdit-it";
				PRODUCT_NAME = "$(TARGET_NAME)";
				SWIFT_VERSION = 5.0;
			};
			name = Release;
		};
		D5762E10264042140069A17F /* Debug */ = {
			isa = XCBuildConfiguration;
			buildSettings = {
				ASSETCATALOG_COMPILER_APPICON_NAME = AppIcon;
				ASSETCATALOG_COMPILER_GLOBAL_ACCENT_COLOR_NAME = AccentColor;
				CODE_SIGN_STYLE = Automatic;
				CURRENT_PROJECT_VERSION = 1;
				DEVELOPMENT_ASSET_PATHS = "\"TextEdit.it iOS/Preview Content\"";
				DEVELOPMENT_TEAM = ZWASU9HFBU;
				ENABLE_PREVIEWS = YES;
				INFOPLIST_FILE = "TextEdit.it iOS/Info.plist";
				IPHONEOS_DEPLOYMENT_TARGET = 14.4;
				LD_RUNPATH_SEARCH_PATHS = (
					"$(inherited)",
					"@executable_path/Frameworks",
				);
				MARKETING_VERSION = 1.2.2;
				PRODUCT_BUNDLE_IDENTIFIER = "com.MSJ.TextEdit-it-iOS";
				PRODUCT_NAME = "$(TARGET_NAME)";
				SDKROOT = iphoneos;
				SWIFT_VERSION = 5.0;
				TARGETED_DEVICE_FAMILY = "1,2";
			};
			name = Debug;
		};
		D5762E11264042140069A17F /* Release */ = {
			isa = XCBuildConfiguration;
			buildSettings = {
				ASSETCATALOG_COMPILER_APPICON_NAME = AppIcon;
				ASSETCATALOG_COMPILER_GLOBAL_ACCENT_COLOR_NAME = AccentColor;
				CODE_SIGN_STYLE = Automatic;
				CURRENT_PROJECT_VERSION = 1;
				DEVELOPMENT_ASSET_PATHS = "\"TextEdit.it iOS/Preview Content\"";
				DEVELOPMENT_TEAM = ZWASU9HFBU;
				ENABLE_PREVIEWS = YES;
				INFOPLIST_FILE = "TextEdit.it iOS/Info.plist";
				IPHONEOS_DEPLOYMENT_TARGET = 14.4;
				LD_RUNPATH_SEARCH_PATHS = (
					"$(inherited)",
					"@executable_path/Frameworks",
				);
				MARKETING_VERSION = 1.2.2;
				PRODUCT_BUNDLE_IDENTIFIER = "com.MSJ.TextEdit-it-iOS";
				PRODUCT_NAME = "$(TARGET_NAME)";
				SDKROOT = iphoneos;
				SWIFT_VERSION = 5.0;
				TARGETED_DEVICE_FAMILY = "1,2";
				VALIDATE_PRODUCT = YES;
			};
			name = Release;
		};
/* End XCBuildConfiguration section */

/* Begin XCConfigurationList section */
		D5130CDA25CEDE42001256A2 /* Build configuration list for PBXProject "TextEdit.it" */ = {
			isa = XCConfigurationList;
			buildConfigurations = (
				D5130CEF25CEDE44001256A2 /* Debug */,
				D5130CF025CEDE44001256A2 /* Release */,
			);
			defaultConfigurationIsVisible = 0;
			defaultConfigurationName = Release;
		};
		D5130CF125CEDE44001256A2 /* Build configuration list for PBXNativeTarget "Note.it" */ = {
			isa = XCConfigurationList;
			buildConfigurations = (
				D5130CF225CEDE44001256A2 /* Debug */,
				D5130CF325CEDE44001256A2 /* Release */,
			);
			defaultConfigurationIsVisible = 0;
			defaultConfigurationName = Release;
		};
		D5762E12264042140069A17F /* Build configuration list for PBXNativeTarget "Note.it iOS" */ = {
			isa = XCConfigurationList;
			buildConfigurations = (
				D5762E10264042140069A17F /* Debug */,
				D5762E11264042140069A17F /* Release */,
			);
			defaultConfigurationIsVisible = 0;
			defaultConfigurationName = Release;
		};
/* End XCConfigurationList section */

/* Begin XCRemoteSwiftPackageReference section */
		D50C75FB262DE1E400561E7A /* XCRemoteSwiftPackageReference "Preferences" */ = {
			isa = XCRemoteSwiftPackageReference;
			repositoryURL = "https://github.com/sindresorhus/Preferences.git";
			requirement = {
				kind = upToNextMajorVersion;
				minimumVersion = 2.2.1;
			};
		};
		D559AB73261CBFED00C6E8FC /* XCRemoteSwiftPackageReference "KeyboardShortcuts" */ = {
			isa = XCRemoteSwiftPackageReference;
			repositoryURL = "https://github.com/sindresorhus/KeyboardShortcuts.git";
			requirement = {
				kind = upToNextMajorVersion;
				minimumVersion = 1.0.0;
			};
		};
		D559AB76261CC34400C6E8FC /* XCRemoteSwiftPackageReference "CodeMirror-SwiftUI" */ = {
			isa = XCRemoteSwiftPackageReference;
			repositoryURL = "https://github.com/Pictarine/CodeMirror-SwiftUI.git";
			requirement = {
				kind = upToNextMajorVersion;
				minimumVersion = 0.1.6;
			};
		};
		D5F30FC82763F8A70069631E /* XCRemoteSwiftPackageReference "SwiftUIPrint" */ = {
			isa = XCRemoteSwiftPackageReference;
			repositoryURL = "https://github.com/wolfmcnally/SwiftUIPrint";
			requirement = {
				branch = master;
				kind = branch;
			};
		};
/* End XCRemoteSwiftPackageReference section */

/* Begin XCSwiftPackageProductDependency section */
		D50C75FC262DE1E400561E7A /* Preferences */ = {
			isa = XCSwiftPackageProductDependency;
			package = D50C75FB262DE1E400561E7A /* XCRemoteSwiftPackageReference "Preferences" */;
			productName = Preferences;
		};
		D5238830264FFD8B003391F8 /* CodeMirror-SwiftUI */ = {
			isa = XCSwiftPackageProductDependency;
			package = D559AB76261CC34400C6E8FC /* XCRemoteSwiftPackageReference "CodeMirror-SwiftUI" */;
			productName = "CodeMirror-SwiftUI";
		};
		D559AB74261CBFED00C6E8FC /* KeyboardShortcuts */ = {
			isa = XCSwiftPackageProductDependency;
			package = D559AB73261CBFED00C6E8FC /* XCRemoteSwiftPackageReference "KeyboardShortcuts" */;
			productName = KeyboardShortcuts;
		};
		D5762E16264042420069A17F /* CodeMirror-SwiftUI */ = {
			isa = XCSwiftPackageProductDependency;
			package = D559AB76261CC34400C6E8FC /* XCRemoteSwiftPackageReference "CodeMirror-SwiftUI" */;
			productName = "CodeMirror-SwiftUI";
		};
		D5F30FC92763F8A80069631E /* SwiftUIPrint */ = {
			isa = XCSwiftPackageProductDependency;
			package = D5F30FC82763F8A70069631E /* XCRemoteSwiftPackageReference "SwiftUIPrint" */;
			productName = SwiftUIPrint;
		};
/* End XCSwiftPackageProductDependency section */
	};
	rootObject = D5130CD725CEDE42001256A2 /* Project object */;
}
