{
  "object": {
    "pins": [
      {
        "package": "CodeMirror-SwiftUI",
        "repositoryURL": "https://github.com/Pictarine/CodeMirror-SwiftUI.git",
        "state": {
          "branch": null,
          "revision": "91eb30d2ea54c136de2540cacaeb95b9ab5de8e0",
          "version": "0.1.6"
        }
      },
      {
        "package": "KeyboardShortcuts",
        "repositoryURL": "https://github.com/sindresorhus/KeyboardShortcuts.git",
        "state": {
          "branch": null,
          "revision": "0d77aa6851615007a84c9ca77c420dbd13bbad8a",
          "version": "1.3.0"
        }
      },
      {
        "package": "Preferences",
        "repositoryURL": "https://github.com/sindresorhus/Preferences.git",
        "state": {
          "branch": null,
          "revision": "ffeaaad1def45d0625720dc1adae3789cd9c167d",
          "version": "2.5.0"
        }
      },
      {
        "package": "SwiftUIPrint",
        "repositoryURL": "https://github.com/wolfmcnally/SwiftUIPrint",
        "state": {
          "branch": "master",
          "revision": "96e2f369e6e2f2a959c7cfcb95b24ac7678fabf5",
          "version": null
        }
      }
    ]
  },
  "version": 1
}
