{
  "pins" : [
    {
      "identity" : "codemirror-swiftui",
      "kind" : "remoteSourceControl",
      "location" : "https://github.com/Pictarine/CodeMirror-SwiftUI.git",
      "state" : {
        "branch" : "master",
        "revision" : "91eb30d2ea54c136de2540cacaeb95b9ab5de8e0"
      }
    }
  ],
  "version" : 2
}
